{
  "name": "top-ten",
  "lockfileVersion": 3,
  "requires": true,
  "packages": {
    "": {
      "name": "top-ten",
      "workspaces": [
        "backend-do"
      ]
    },
    "backend-do": {
      "name": "top10-backend-do",
      "version": "0.1.0",
      "dependencies": {
        "itty-router": "^5.0.22"
      },
      "devDependencies": {
        "@cloudflare/workers-types": "^4.201.0",
        "typescript": "^5.5.2"
      }
    },
    "backend-do/node_modules/@cloudflare/workers-types": {
      "version": "4.20260114.0",
      "dev": true,
      "license": "MIT OR Apache-2.0"
    },
    "backend-do/node_modules/itty-router": {
      "version": "5.0.22",
      "license": "MIT"
    },
    "backend-do/node_modules/typescript": {
      "version": "5.9.3",
      "dev": true,
      "license": "Apache-2.0",
      "bin": {
        "tsc": "bin/tsc",
        "tsserver": "bin/tsserver"
      },
      "engines": {
        "node": ">=14.17"
      }
    },
    "node_modules/top10-backend-do": {
      "resolved": "backend-do",
      "link": true
    }
  }
}
